
Microsoft Visual Studio Solution File, Format Version 12.00
# Visual Studio 2013
VisualStudioVersion = 12.0.31101.0
MinimumVisualStudioVersion = 10.0.40219.1
Project("{CC5FD16D-436D-48AD-A40C-5A424C6E3E79}") = "GS.iFX.Host.Azure.DataFeedSvc", "GS.iFX.Host.Azure.DataFeedSvc\GS.iFX.Host.Azure.DataFeedSvc.ccproj", "{28D9F611-AB48-404E-ACA7-6702682C2E9D}"
EndProject
Project("{FAE04EC0-301F-11D3-BF4B-00C04F79EFBC}") = "GS.iFX.Host.Azure.DataFeedWorker", "GS.iFX.Host.Azure.DataFeedWorker\GS.iFX.Host.Azure.DataFeedWorker.csproj", "{31444D8C-0160-4C48-A436-6169A67CE88F}"
EndProject
Project("{FAE04EC0-301F-11D3-BF4B-00C04F79EFBC}") = "GS.iFX.Host.DataFeedServiceHost", "GS.iFX.Host.DataFeedServiceHost\GS.iFX.Host.DataFeedServiceHost.csproj", "{88930225-83B4-4204-8199-4F1F3851286E}"
EndProject
Project("{2150E333-8FDC-42A3-9474-1A3956D46DE8}") = "Solution Items", "Solution Items", "{75AFC8A3-49E1-41D0-B83F-408DA4F1AFCD}"
	ProjectSection(SolutionItems) = preProject
		Apache License.docx = Apache License.docx
		SetupInstructions-WcfNetMsgBindingInAzureOnPremv0.1.docx = SetupInstructions-WcfNetMsgBindingInAzureOnPremv0.1.docx
		VisualStudioSolutionStructure.docx = VisualStudioSolutionStructure.docx
	EndProjectSection
EndProject
Project("{2150E333-8FDC-42A3-9474-1A3956D46DE8}") = "UI", "UI", "{CCBF735F-720B-43FF-A7DF-2DEE07CC6D99}"
EndProject
Project("{2150E333-8FDC-42A3-9474-1A3956D46DE8}") = "iFX", "iFX", "{6620C05F-8FC2-4F4A-81A3-4490CE9169CF}"
EndProject
Project("{2150E333-8FDC-42A3-9474-1A3956D46DE8}") = "Contract", "Contract", "{BDA95BC5-3FAB-4577-A6C7-AF3CF9049698}"
EndProject
Project("{FAE04EC0-301F-11D3-BF4B-00C04F79EFBC}") = "GS.Contract.DataFeed", "GS.Contract.DataFeed\GS.Contract.DataFeed.csproj", "{C541AC0C-DCCA-4EF0-9978-F976660DC246}"
EndProject
Project("{FAE04EC0-301F-11D3-BF4B-00C04F79EFBC}") = "GS.iFX.Common", "GS.iFX.Common\GS.iFX.Common.csproj", "{541D40E8-6896-4E29-8375-2604E5679E77}"
EndProject
Project("{2150E333-8FDC-42A3-9474-1A3956D46DE8}") = "Proxy", "Proxy", "{9225326A-E37A-4AB6-88BD-9A7364CC3AB1}"
EndProject
Project("{FAE04EC0-301F-11D3-BF4B-00C04F79EFBC}") = "GS.Proxy.DataFeed", "GS.Proxy.DataFeed\GS.Proxy.DataFeed.csproj", "{C0B24790-49BC-4C00-932E-78C8849973B6}"
EndProject
Project("{2150E333-8FDC-42A3-9474-1A3956D46DE8}") = "Manager", "Manager", "{9170CCE0-CA2C-43BF-BED3-644F0981FBE3}"
EndProject
Project("{FAE04EC0-301F-11D3-BF4B-00C04F79EFBC}") = "GS.Manager.DataFeed", "GS.Manager.DataFeed\GS.Manager.DataFeed.csproj", "{8C080184-C5AC-4496-BED0-ACF4D88AE913}"
EndProject
Project("{FAE04EC0-301F-11D3-BF4B-00C04F79EFBC}") = "GS.iFX.TestUI", "GS.iFX.TestUI\GS.iFX.TestUI.csproj", "{AE0EFF26-91B5-4866-B6CF-E77400E6784D}"
EndProject
Project("{2150E333-8FDC-42A3-9474-1A3956D46DE8}") = "iFX.Host", "iFX.Host", "{E01AD83F-A174-45EA-97E6-AD8894E50607}"
EndProject
Project("{2150E333-8FDC-42A3-9474-1A3956D46DE8}") = "Explore", "Explore", "{D43E01FB-E778-4066-8DA1-3548D534A083}"
EndProject
Project("{FAE04EC0-301F-11D3-BF4B-00C04F79EFBC}") = "GS.Explore.AzTableStorageApp", "GS.Explore.AzTableStorageApp\GS.Explore.AzTableStorageApp.csproj", "{3895E3C3-BDC1-4EF5-A329-2390BF51D088}"
EndProject
Project("{2150E333-8FDC-42A3-9474-1A3956D46DE8}") = "Engine", "Engine", "{89956202-602F-4A40-AACE-41E18DFB6A81}"
EndProject
Project("{2150E333-8FDC-42A3-9474-1A3956D46DE8}") = "DataAccess", "DataAccess", "{6988E0C8-F818-4F64-9648-33DC537E04EF}"
EndProject
Project("{2150E333-8FDC-42A3-9474-1A3956D46DE8}") = "Utilities", "Utilities", "{B34A8EBA-7932-4A6B-98F4-64AC5D4A70EB}"
EndProject
Project("{FAE04EC0-301F-11D3-BF4B-00C04F79EFBC}") = "GS.Utilities.Timer", "GS.Utilities.Timer\GS.Utilities.Timer.csproj", "{26978DCC-0E3A-4B70-9327-7D70C2C2E31B}"
EndProject
Project("{FAE04EC0-301F-11D3-BF4B-00C04F79EFBC}") = "GS.iFX.Azure", "GS.iFX.Azure\GS.iFX.Azure.csproj", "{527F9852-81F8-4B53-A09F-0E26E26C2ACA}"
EndProject
Project("{FAE04EC0-301F-11D3-BF4B-00C04F79EFBC}") = "GS.DataAccess.FeedAdmin", "GS.DataAccess.FeedAdmin\GS.DataAccess.FeedAdmin.csproj", "{380D1DD6-D0F9-4892-9B03-6829ABC2084F}"
EndProject
Project("{FAE04EC0-301F-11D3-BF4B-00C04F79EFBC}") = "GS.Engine.Common", "GS.Engine.Common\GS.Engine.Common.csproj", "{CA4A8F81-7DED-4A15-9CA0-98B882C8BC4D}"
EndProject
Project("{FAE04EC0-301F-11D3-BF4B-00C04F79EFBC}") = "GS.DataAccess.Common", "GS.DataAccess.Common\GS.DataAccess.Common.csproj", "{1A028D48-41FC-4147-A937-62B204FEAD38}"
EndProject
Project("{2150E333-8FDC-42A3-9474-1A3956D46DE8}") = "ServiceModelEx", "ServiceModelEx", "{FD5A8255-DA87-4A1C-BB11-726005D133CB}"
EndProject
Project("{2150E333-8FDC-42A3-9474-1A3956D46DE8}") = "Test", "Test", "{7B4CADB9-6234-4ABC-89FE-C9C7A937E4BE}"
EndProject
Project("{2150E333-8FDC-42A3-9474-1A3956D46DE8}") = "Test.Client", "Test.Client", "{93F08B92-03CB-427F-BCB5-4F54D28AB7D8}"
EndProject
Project("{FAE04EC0-301F-11D3-BF4B-00C04F79EFBC}") = "GS.Test.Client.DataSourceSimulator", "GS.Test.Client.DataSourceSimulator\GS.Test.Client.DataSourceSimulator.csproj", "{AF96155B-7369-4F04-9F08-66D9ABD1BE71}"
EndProject
Project("{FAE04EC0-301F-11D3-BF4B-00C04F79EFBC}") = "GS.Manager.Admin", "GS.Manager.Admin\GS.Manager.Admin.csproj", "{79B709DF-3AD2-4728-BFBB-74B646F33799}"
EndProject
Project("{FAE04EC0-301F-11D3-BF4B-00C04F79EFBC}") = "GS.Contract.Admin", "GS.Contract.Admin\GS.Contract.Admin.csproj", "{2DBDF898-88C4-4606-8DCF-365515D8361C}"
EndProject
Project("{FAE04EC0-301F-11D3-BF4B-00C04F79EFBC}") = "GS.Proxy.Admin", "GS.Proxy.Admin\GS.Proxy.Admin.csproj", "{45017344-0702-4BD6-B542-C4990B76187C}"
EndProject
Project("{FAE04EC0-301F-11D3-BF4B-00C04F79EFBC}") = "GS.Test.Client.AdminNSomeTester", "GS.Test.Client.AdminNSomeTester\GS.Test.Client.AdminNSomeTester.csproj", "{CC76BC3C-457E-4BF5-8109-52BB1C755C6E}"
EndProject
Project("{FAE04EC0-301F-11D3-BF4B-00C04F79EFBC}") = "GS.iFX.Host.AdminNSomeServiceHost", "GS.iFX.Host.AdminNSomeServiceHost\GS.iFX.Host.AdminNSomeServiceHost.csproj", "{0403ED13-877A-4C34-AC6D-8426935780E2}"
EndProject
Project("{FAE04EC0-301F-11D3-BF4B-00C04F79EFBC}") = "GS.Manager.Something", "GS.Manager.Something\GS.Manager.Something.csproj", "{4EE97912-A4EE-48D8-A626-1245924BF29C}"
EndProject
Project("{FAE04EC0-301F-11D3-BF4B-00C04F79EFBC}") = "GS.Contract.Something", "GS.Contract.Something\GS.Contract.Something.csproj", "{A3D1EFCB-F38D-4144-8BAC-09F9B10A6C02}"
EndProject
Project("{FAE04EC0-301F-11D3-BF4B-00C04F79EFBC}") = "GS.Engine.Something", "GS.Engine.Something\GS.Engine.Something.csproj", "{1DCD686A-AEC0-4D5B-89C4-6FB045333BE8}"
EndProject
Project("{FAE04EC0-301F-11D3-BF4B-00C04F79EFBC}") = "GS.iFX.Service", "GS.iFX.Service\GS.iFX.Service.csproj", "{63463479-EC49-44AE-BCDF-DB7938D8768E}"
EndProject
Project("{FAE04EC0-301F-11D3-BF4B-00C04F79EFBC}") = "GS.Proxy.Something", "GS.Proxy.Something\GS.Proxy.Something.csproj", "{D1833C76-57C5-4EAA-9B4A-E29376B40B0E}"
EndProject
Global
	GlobalSection(SolutionConfigurationPlatforms) = preSolution
		Debug|Any CPU = Debug|Any CPU
		Debug|x86 = Debug|x86
		Design|Any CPU = Design|Any CPU
		Design|x86 = Design|x86
		Release|Any CPU = Release|Any CPU
		Release|x86 = Release|x86
	EndGlobalSection
	GlobalSection(ProjectConfigurationPlatforms) = postSolution
		{28D9F611-AB48-404E-ACA7-6702682C2E9D}.Debug|Any CPU.ActiveCfg = Debug|Any CPU
		{28D9F611-AB48-404E-ACA7-6702682C2E9D}.Debug|Any CPU.Build.0 = Debug|Any CPU
		{28D9F611-AB48-404E-ACA7-6702682C2E9D}.Debug|x86.ActiveCfg = Debug|Any CPU
		{28D9F611-AB48-404E-ACA7-6702682C2E9D}.Design|Any CPU.ActiveCfg = Debug|Any CPU
		{28D9F611-AB48-404E-ACA7-6702682C2E9D}.Design|Any CPU.Build.0 = Debug|Any CPU
		{28D9F611-AB48-404E-ACA7-6702682C2E9D}.Design|x86.ActiveCfg = Debug|Any CPU
		{28D9F611-AB48-404E-ACA7-6702682C2E9D}.Release|Any CPU.ActiveCfg = Release|Any CPU
		{28D9F611-AB48-404E-ACA7-6702682C2E9D}.Release|Any CPU.Build.0 = Release|Any CPU
		{28D9F611-AB48-404E-ACA7-6702682C2E9D}.Release|x86.ActiveCfg = Release|Any CPU
		{31444D8C-0160-4C48-A436-6169A67CE88F}.Debug|Any CPU.ActiveCfg = Debug|Any CPU
		{31444D8C-0160-4C48-A436-6169A67CE88F}.Debug|Any CPU.Build.0 = Debug|Any CPU
		{31444D8C-0160-4C48-A436-6169A67CE88F}.Debug|x86.ActiveCfg = Debug|Any CPU
		{31444D8C-0160-4C48-A436-6169A67CE88F}.Design|Any CPU.ActiveCfg = Debug|Any CPU
		{31444D8C-0160-4C48-A436-6169A67CE88F}.Design|Any CPU.Build.0 = Debug|Any CPU
		{31444D8C-0160-4C48-A436-6169A67CE88F}.Design|x86.ActiveCfg = Debug|Any CPU
		{31444D8C-0160-4C48-A436-6169A67CE88F}.Release|Any CPU.ActiveCfg = Release|Any CPU
		{31444D8C-0160-4C48-A436-6169A67CE88F}.Release|Any CPU.Build.0 = Release|Any CPU
		{31444D8C-0160-4C48-A436-6169A67CE88F}.Release|x86.ActiveCfg = Release|Any CPU
		{88930225-83B4-4204-8199-4F1F3851286E}.Debug|Any CPU.ActiveCfg = Debug|Any CPU
		{88930225-83B4-4204-8199-4F1F3851286E}.Debug|Any CPU.Build.0 = Debug|Any CPU
		{88930225-83B4-4204-8199-4F1F3851286E}.Debug|x86.ActiveCfg = Debug|Any CPU
		{88930225-83B4-4204-8199-4F1F3851286E}.Design|Any CPU.ActiveCfg = Debug|Any CPU
		{88930225-83B4-4204-8199-4F1F3851286E}.Design|Any CPU.Build.0 = Debug|Any CPU
		{88930225-83B4-4204-8199-4F1F3851286E}.Design|x86.ActiveCfg = Debug|Any CPU
		{88930225-83B4-4204-8199-4F1F3851286E}.Release|Any CPU.ActiveCfg = Release|Any CPU
		{88930225-83B4-4204-8199-4F1F3851286E}.Release|Any CPU.Build.0 = Release|Any CPU
		{88930225-83B4-4204-8199-4F1F3851286E}.Release|x86.ActiveCfg = Release|Any CPU
		{C541AC0C-DCCA-4EF0-9978-F976660DC246}.Debug|Any CPU.ActiveCfg = Debug|Any CPU
		{C541AC0C-DCCA-4EF0-9978-F976660DC246}.Debug|Any CPU.Build.0 = Debug|Any CPU
		{C541AC0C-DCCA-4EF0-9978-F976660DC246}.Debug|x86.ActiveCfg = Debug|Any CPU
		{C541AC0C-DCCA-4EF0-9978-F976660DC246}.Design|Any CPU.ActiveCfg = Debug|Any CPU
		{C541AC0C-DCCA-4EF0-9978-F976660DC246}.Design|Any CPU.Build.0 = Debug|Any CPU
		{C541AC0C-DCCA-4EF0-9978-F976660DC246}.Design|x86.ActiveCfg = Debug|Any CPU
		{C541AC0C-DCCA-4EF0-9978-F976660DC246}.Release|Any CPU.ActiveCfg = Release|Any CPU
		{C541AC0C-DCCA-4EF0-9978-F976660DC246}.Release|Any CPU.Build.0 = Release|Any CPU
		{C541AC0C-DCCA-4EF0-9978-F976660DC246}.Release|x86.ActiveCfg = Release|Any CPU
		{541D40E8-6896-4E29-8375-2604E5679E77}.Debug|Any CPU.ActiveCfg = Debug|Any CPU
		{541D40E8-6896-4E29-8375-2604E5679E77}.Debug|Any CPU.Build.0 = Debug|Any CPU
		{541D40E8-6896-4E29-8375-2604E5679E77}.Debug|x86.ActiveCfg = Debug|Any CPU
		{541D40E8-6896-4E29-8375-2604E5679E77}.Design|Any CPU.ActiveCfg = Debug|Any CPU
		{541D40E8-6896-4E29-8375-2604E5679E77}.Design|Any CPU.Build.0 = Debug|Any CPU
		{541D40E8-6896-4E29-8375-2604E5679E77}.Design|x86.ActiveCfg = Debug|Any CPU
		{541D40E8-6896-4E29-8375-2604E5679E77}.Release|Any CPU.ActiveCfg = Release|Any CPU
		{541D40E8-6896-4E29-8375-2604E5679E77}.Release|Any CPU.Build.0 = Release|Any CPU
		{541D40E8-6896-4E29-8375-2604E5679E77}.Release|x86.ActiveCfg = Release|Any CPU
		{C0B24790-49BC-4C00-932E-78C8849973B6}.Debug|Any CPU.ActiveCfg = Debug|Any CPU
		{C0B24790-49BC-4C00-932E-78C8849973B6}.Debug|Any CPU.Build.0 = Debug|Any CPU
		{C0B24790-49BC-4C00-932E-78C8849973B6}.Debug|x86.ActiveCfg = Debug|Any CPU
		{C0B24790-49BC-4C00-932E-78C8849973B6}.Design|Any CPU.ActiveCfg = Debug|Any CPU
		{C0B24790-49BC-4C00-932E-78C8849973B6}.Design|Any CPU.Build.0 = Debug|Any CPU
		{C0B24790-49BC-4C00-932E-78C8849973B6}.Design|x86.ActiveCfg = Debug|Any CPU
		{C0B24790-49BC-4C00-932E-78C8849973B6}.Release|Any CPU.ActiveCfg = Release|Any CPU
		{C0B24790-49BC-4C00-932E-78C8849973B6}.Release|Any CPU.Build.0 = Release|Any CPU
		{C0B24790-49BC-4C00-932E-78C8849973B6}.Release|x86.ActiveCfg = Release|Any CPU
		{8C080184-C5AC-4496-BED0-ACF4D88AE913}.Debug|Any CPU.ActiveCfg = Debug|Any CPU
		{8C080184-C5AC-4496-BED0-ACF4D88AE913}.Debug|Any CPU.Build.0 = Debug|Any CPU
		{8C080184-C5AC-4496-BED0-ACF4D88AE913}.Debug|x86.ActiveCfg = Debug|Any CPU
		{8C080184-C5AC-4496-BED0-ACF4D88AE913}.Design|Any CPU.ActiveCfg = Debug|Any CPU
		{8C080184-C5AC-4496-BED0-ACF4D88AE913}.Design|Any CPU.Build.0 = Debug|Any CPU
		{8C080184-C5AC-4496-BED0-ACF4D88AE913}.Design|x86.ActiveCfg = Debug|Any CPU
		{8C080184-C5AC-4496-BED0-ACF4D88AE913}.Release|Any CPU.ActiveCfg = Release|Any CPU
		{8C080184-C5AC-4496-BED0-ACF4D88AE913}.Release|Any CPU.Build.0 = Release|Any CPU
		{8C080184-C5AC-4496-BED0-ACF4D88AE913}.Release|x86.ActiveCfg = Release|Any CPU
		{AE0EFF26-91B5-4866-B6CF-E77400E6784D}.Debug|Any CPU.ActiveCfg = Debug|Any CPU
		{AE0EFF26-91B5-4866-B6CF-E77400E6784D}.Debug|Any CPU.Build.0 = Debug|Any CPU
		{AE0EFF26-91B5-4866-B6CF-E77400E6784D}.Debug|x86.ActiveCfg = Debug|Any CPU
		{AE0EFF26-91B5-4866-B6CF-E77400E6784D}.Design|Any CPU.ActiveCfg = Debug|Any CPU
		{AE0EFF26-91B5-4866-B6CF-E77400E6784D}.Design|Any CPU.Build.0 = Debug|Any CPU
		{AE0EFF26-91B5-4866-B6CF-E77400E6784D}.Design|x86.ActiveCfg = Debug|Any CPU
		{AE0EFF26-91B5-4866-B6CF-E77400E6784D}.Release|Any CPU.ActiveCfg = Release|Any CPU
		{AE0EFF26-91B5-4866-B6CF-E77400E6784D}.Release|Any CPU.Build.0 = Release|Any CPU
		{AE0EFF26-91B5-4866-B6CF-E77400E6784D}.Release|x86.ActiveCfg = Release|Any CPU
		{3895E3C3-BDC1-4EF5-A329-2390BF51D088}.Debug|Any CPU.ActiveCfg = Debug|Any CPU
		{3895E3C3-BDC1-4EF5-A329-2390BF51D088}.Debug|Any CPU.Build.0 = Debug|Any CPU
		{3895E3C3-BDC1-4EF5-A329-2390BF51D088}.Debug|x86.ActiveCfg = Debug|Any CPU
		{3895E3C3-BDC1-4EF5-A329-2390BF51D088}.Design|Any CPU.ActiveCfg = Debug|Any CPU
		{3895E3C3-BDC1-4EF5-A329-2390BF51D088}.Design|Any CPU.Build.0 = Debug|Any CPU
		{3895E3C3-BDC1-4EF5-A329-2390BF51D088}.Design|x86.ActiveCfg = Debug|Any CPU
		{3895E3C3-BDC1-4EF5-A329-2390BF51D088}.Release|Any CPU.ActiveCfg = Release|Any CPU
		{3895E3C3-BDC1-4EF5-A329-2390BF51D088}.Release|Any CPU.Build.0 = Release|Any CPU
		{3895E3C3-BDC1-4EF5-A329-2390BF51D088}.Release|x86.ActiveCfg = Release|Any CPU
		{26978DCC-0E3A-4B70-9327-7D70C2C2E31B}.Debug|Any CPU.ActiveCfg = Debug|Any CPU
		{26978DCC-0E3A-4B70-9327-7D70C2C2E31B}.Debug|Any CPU.Build.0 = Debug|Any CPU
		{26978DCC-0E3A-4B70-9327-7D70C2C2E31B}.Debug|x86.ActiveCfg = Debug|Any CPU
		{26978DCC-0E3A-4B70-9327-7D70C2C2E31B}.Design|Any CPU.ActiveCfg = Debug|Any CPU
		{26978DCC-0E3A-4B70-9327-7D70C2C2E31B}.Design|Any CPU.Build.0 = Debug|Any CPU
		{26978DCC-0E3A-4B70-9327-7D70C2C2E31B}.Design|x86.ActiveCfg = Debug|Any CPU
		{26978DCC-0E3A-4B70-9327-7D70C2C2E31B}.Release|Any CPU.ActiveCfg = Release|Any CPU
		{26978DCC-0E3A-4B70-9327-7D70C2C2E31B}.Release|Any CPU.Build.0 = Release|Any CPU
		{26978DCC-0E3A-4B70-9327-7D70C2C2E31B}.Release|x86.ActiveCfg = Release|Any CPU
		{527F9852-81F8-4B53-A09F-0E26E26C2ACA}.Debug|Any CPU.ActiveCfg = Debug|Any CPU
		{527F9852-81F8-4B53-A09F-0E26E26C2ACA}.Debug|Any CPU.Build.0 = Debug|Any CPU
		{527F9852-81F8-4B53-A09F-0E26E26C2ACA}.Debug|x86.ActiveCfg = Debug|Any CPU
		{527F9852-81F8-4B53-A09F-0E26E26C2ACA}.Design|Any CPU.ActiveCfg = Debug|Any CPU
		{527F9852-81F8-4B53-A09F-0E26E26C2ACA}.Design|Any CPU.Build.0 = Debug|Any CPU
		{527F9852-81F8-4B53-A09F-0E26E26C2ACA}.Design|x86.ActiveCfg = Debug|Any CPU
		{527F9852-81F8-4B53-A09F-0E26E26C2ACA}.Release|Any CPU.ActiveCfg = Release|Any CPU
		{527F9852-81F8-4B53-A09F-0E26E26C2ACA}.Release|Any CPU.Build.0 = Release|Any CPU
		{527F9852-81F8-4B53-A09F-0E26E26C2ACA}.Release|x86.ActiveCfg = Release|Any CPU
		{380D1DD6-D0F9-4892-9B03-6829ABC2084F}.Debug|Any CPU.ActiveCfg = Debug|Any CPU
		{380D1DD6-D0F9-4892-9B03-6829ABC2084F}.Debug|Any CPU.Build.0 = Debug|Any CPU
		{380D1DD6-D0F9-4892-9B03-6829ABC2084F}.Debug|x86.ActiveCfg = Debug|Any CPU
		{380D1DD6-D0F9-4892-9B03-6829ABC2084F}.Design|Any CPU.ActiveCfg = Debug|Any CPU
		{380D1DD6-D0F9-4892-9B03-6829ABC2084F}.Design|Any CPU.Build.0 = Debug|Any CPU
		{380D1DD6-D0F9-4892-9B03-6829ABC2084F}.Design|x86.ActiveCfg = Debug|Any CPU
		{380D1DD6-D0F9-4892-9B03-6829ABC2084F}.Release|Any CPU.ActiveCfg = Release|Any CPU
		{380D1DD6-D0F9-4892-9B03-6829ABC2084F}.Release|Any CPU.Build.0 = Release|Any CPU
		{380D1DD6-D0F9-4892-9B03-6829ABC2084F}.Release|x86.ActiveCfg = Release|Any CPU
		{CA4A8F81-7DED-4A15-9CA0-98B882C8BC4D}.Debug|Any CPU.ActiveCfg = Debug|Any CPU
		{CA4A8F81-7DED-4A15-9CA0-98B882C8BC4D}.Debug|Any CPU.Build.0 = Debug|Any CPU
		{CA4A8F81-7DED-4A15-9CA0-98B882C8BC4D}.Debug|x86.ActiveCfg = Debug|Any CPU
		{CA4A8F81-7DED-4A15-9CA0-98B882C8BC4D}.Design|Any CPU.ActiveCfg = Debug|Any CPU
		{CA4A8F81-7DED-4A15-9CA0-98B882C8BC4D}.Design|Any CPU.Build.0 = Debug|Any CPU
		{CA4A8F81-7DED-4A15-9CA0-98B882C8BC4D}.Design|x86.ActiveCfg = Debug|Any CPU
		{CA4A8F81-7DED-4A15-9CA0-98B882C8BC4D}.Release|Any CPU.ActiveCfg = Release|Any CPU
		{CA4A8F81-7DED-4A15-9CA0-98B882C8BC4D}.Release|Any CPU.Build.0 = Release|Any CPU
		{CA4A8F81-7DED-4A15-9CA0-98B882C8BC4D}.Release|x86.ActiveCfg = Release|Any CPU
		{1A028D48-41FC-4147-A937-62B204FEAD38}.Debug|Any CPU.ActiveCfg = Debug|Any CPU
		{1A028D48-41FC-4147-A937-62B204FEAD38}.Debug|Any CPU.Build.0 = Debug|Any CPU
		{1A028D48-41FC-4147-A937-62B204FEAD38}.Debug|x86.ActiveCfg = Debug|Any CPU
		{1A028D48-41FC-4147-A937-62B204FEAD38}.Design|Any CPU.ActiveCfg = Debug|Any CPU
		{1A028D48-41FC-4147-A937-62B204FEAD38}.Design|Any CPU.Build.0 = Debug|Any CPU
		{1A028D48-41FC-4147-A937-62B204FEAD38}.Design|x86.ActiveCfg = Debug|Any CPU
		{1A028D48-41FC-4147-A937-62B204FEAD38}.Release|Any CPU.ActiveCfg = Release|Any CPU
		{1A028D48-41FC-4147-A937-62B204FEAD38}.Release|Any CPU.Build.0 = Release|Any CPU
		{1A028D48-41FC-4147-A937-62B204FEAD38}.Release|x86.ActiveCfg = Release|Any CPU
		{AF96155B-7369-4F04-9F08-66D9ABD1BE71}.Debug|Any CPU.ActiveCfg = Debug|Any CPU
		{AF96155B-7369-4F04-9F08-66D9ABD1BE71}.Debug|Any CPU.Build.0 = Debug|Any CPU
		{AF96155B-7369-4F04-9F08-66D9ABD1BE71}.Debug|x86.ActiveCfg = Debug|Any CPU
		{AF96155B-7369-4F04-9F08-66D9ABD1BE71}.Design|Any CPU.ActiveCfg = Debug|Any CPU
		{AF96155B-7369-4F04-9F08-66D9ABD1BE71}.Design|Any CPU.Build.0 = Debug|Any CPU
		{AF96155B-7369-4F04-9F08-66D9ABD1BE71}.Design|x86.ActiveCfg = Debug|Any CPU
		{AF96155B-7369-4F04-9F08-66D9ABD1BE71}.Release|Any CPU.ActiveCfg = Release|Any CPU
		{AF96155B-7369-4F04-9F08-66D9ABD1BE71}.Release|Any CPU.Build.0 = Release|Any CPU
		{AF96155B-7369-4F04-9F08-66D9ABD1BE71}.Release|x86.ActiveCfg = Release|Any CPU
		{79B709DF-3AD2-4728-BFBB-74B646F33799}.Debug|Any CPU.ActiveCfg = Debug|Any CPU
		{79B709DF-3AD2-4728-BFBB-74B646F33799}.Debug|Any CPU.Build.0 = Debug|Any CPU
		{79B709DF-3AD2-4728-BFBB-74B646F33799}.Debug|x86.ActiveCfg = Debug|Any CPU
		{79B709DF-3AD2-4728-BFBB-74B646F33799}.Design|Any CPU.ActiveCfg = Debug|Any CPU
		{79B709DF-3AD2-4728-BFBB-74B646F33799}.Design|Any CPU.Build.0 = Debug|Any CPU
		{79B709DF-3AD2-4728-BFBB-74B646F33799}.Design|x86.ActiveCfg = Debug|Any CPU
		{79B709DF-3AD2-4728-BFBB-74B646F33799}.Release|Any CPU.ActiveCfg = Release|Any CPU
		{79B709DF-3AD2-4728-BFBB-74B646F33799}.Release|Any CPU.Build.0 = Release|Any CPU
		{79B709DF-3AD2-4728-BFBB-74B646F33799}.Release|x86.ActiveCfg = Release|Any CPU
		{2DBDF898-88C4-4606-8DCF-365515D8361C}.Debug|Any CPU.ActiveCfg = Debug|Any CPU
		{2DBDF898-88C4-4606-8DCF-365515D8361C}.Debug|Any CPU.Build.0 = Debug|Any CPU
		{2DBDF898-88C4-4606-8DCF-365515D8361C}.Debug|x86.ActiveCfg = Debug|Any CPU
		{2DBDF898-88C4-4606-8DCF-365515D8361C}.Design|Any CPU.ActiveCfg = Debug|Any CPU
		{2DBDF898-88C4-4606-8DCF-365515D8361C}.Design|Any CPU.Build.0 = Debug|Any CPU
		{2DBDF898-88C4-4606-8DCF-365515D8361C}.Design|x86.ActiveCfg = Debug|Any CPU
		{2DBDF898-88C4-4606-8DCF-365515D8361C}.Release|Any CPU.ActiveCfg = Release|Any CPU
		{2DBDF898-88C4-4606-8DCF-365515D8361C}.Release|Any CPU.Build.0 = Release|Any CPU
		{2DBDF898-88C4-4606-8DCF-365515D8361C}.Release|x86.ActiveCfg = Release|Any CPU
		{45017344-0702-4BD6-B542-C4990B76187C}.Debug|Any CPU.ActiveCfg = Debug|Any CPU
		{45017344-0702-4BD6-B542-C4990B76187C}.Debug|Any CPU.Build.0 = Debug|Any CPU
		{45017344-0702-4BD6-B542-C4990B76187C}.Debug|x86.ActiveCfg = Debug|Any CPU
		{45017344-0702-4BD6-B542-C4990B76187C}.Design|Any CPU.ActiveCfg = Debug|Any CPU
		{45017344-0702-4BD6-B542-C4990B76187C}.Design|Any CPU.Build.0 = Debug|Any CPU
		{45017344-0702-4BD6-B542-C4990B76187C}.Design|x86.ActiveCfg = Debug|Any CPU
		{45017344-0702-4BD6-B542-C4990B76187C}.Release|Any CPU.ActiveCfg = Release|Any CPU
		{45017344-0702-4BD6-B542-C4990B76187C}.Release|Any CPU.Build.0 = Release|Any CPU
		{45017344-0702-4BD6-B542-C4990B76187C}.Release|x86.ActiveCfg = Release|Any CPU
		{CC76BC3C-457E-4BF5-8109-52BB1C755C6E}.Debug|Any CPU.ActiveCfg = Debug|Any CPU
		{CC76BC3C-457E-4BF5-8109-52BB1C755C6E}.Debug|Any CPU.Build.0 = Debug|Any CPU
		{CC76BC3C-457E-4BF5-8109-52BB1C755C6E}.Debug|x86.ActiveCfg = Debug|Any CPU
		{CC76BC3C-457E-4BF5-8109-52BB1C755C6E}.Design|Any CPU.ActiveCfg = Debug|Any CPU
		{CC76BC3C-457E-4BF5-8109-52BB1C755C6E}.Design|Any CPU.Build.0 = Debug|Any CPU
		{CC76BC3C-457E-4BF5-8109-52BB1C755C6E}.Design|x86.ActiveCfg = Debug|Any CPU
		{CC76BC3C-457E-4BF5-8109-52BB1C755C6E}.Release|Any CPU.ActiveCfg = Release|Any CPU
		{CC76BC3C-457E-4BF5-8109-52BB1C755C6E}.Release|Any CPU.Build.0 = Release|Any CPU
		{CC76BC3C-457E-4BF5-8109-52BB1C755C6E}.Release|x86.ActiveCfg = Release|Any CPU
		{0403ED13-877A-4C34-AC6D-8426935780E2}.Debug|Any CPU.ActiveCfg = Debug|Any CPU
		{0403ED13-877A-4C34-AC6D-8426935780E2}.Debug|Any CPU.Build.0 = Debug|Any CPU
		{0403ED13-877A-4C34-AC6D-8426935780E2}.Debug|x86.ActiveCfg = Debug|Any CPU
		{0403ED13-877A-4C34-AC6D-8426935780E2}.Design|Any CPU.ActiveCfg = Debug|Any CPU
		{0403ED13-877A-4C34-AC6D-8426935780E2}.Design|Any CPU.Build.0 = Debug|Any CPU
		{0403ED13-877A-4C34-AC6D-8426935780E2}.Design|x86.ActiveCfg = Debug|Any CPU
		{0403ED13-877A-4C34-AC6D-8426935780E2}.Release|Any CPU.ActiveCfg = Release|Any CPU
		{0403ED13-877A-4C34-AC6D-8426935780E2}.Release|Any CPU.Build.0 = Release|Any CPU
		{0403ED13-877A-4C34-AC6D-8426935780E2}.Release|x86.ActiveCfg = Release|Any CPU
		{4EE97912-A4EE-48D8-A626-1245924BF29C}.Debug|Any CPU.ActiveCfg = Debug|Any CPU
		{4EE97912-A4EE-48D8-A626-1245924BF29C}.Debug|Any CPU.Build.0 = Debug|Any CPU
		{4EE97912-A4EE-48D8-A626-1245924BF29C}.Debug|x86.ActiveCfg = Debug|Any CPU
		{4EE97912-A4EE-48D8-A626-1245924BF29C}.Design|Any CPU.ActiveCfg = Debug|Any CPU
		{4EE97912-A4EE-48D8-A626-1245924BF29C}.Design|Any CPU.Build.0 = Debug|Any CPU
		{4EE97912-A4EE-48D8-A626-1245924BF29C}.Design|x86.ActiveCfg = Debug|Any CPU
		{4EE97912-A4EE-48D8-A626-1245924BF29C}.Release|Any CPU.ActiveCfg = Release|Any CPU
		{4EE97912-A4EE-48D8-A626-1245924BF29C}.Release|Any CPU.Build.0 = Release|Any CPU
		{4EE97912-A4EE-48D8-A626-1245924BF29C}.Release|x86.ActiveCfg = Release|Any CPU
		{A3D1EFCB-F38D-4144-8BAC-09F9B10A6C02}.Debug|Any CPU.ActiveCfg = Debug|Any CPU
		{A3D1EFCB-F38D-4144-8BAC-09F9B10A6C02}.Debug|Any CPU.Build.0 = Debug|Any CPU
		{A3D1EFCB-F38D-4144-8BAC-09F9B10A6C02}.Debug|x86.ActiveCfg = Debug|Any CPU
		{A3D1EFCB-F38D-4144-8BAC-09F9B10A6C02}.Design|Any CPU.ActiveCfg = Debug|Any CPU
		{A3D1EFCB-F38D-4144-8BAC-09F9B10A6C02}.Design|Any CPU.Build.0 = Debug|Any CPU
		{A3D1EFCB-F38D-4144-8BAC-09F9B10A6C02}.Design|x86.ActiveCfg = Debug|Any CPU
		{A3D1EFCB-F38D-4144-8BAC-09F9B10A6C02}.Release|Any CPU.ActiveCfg = Release|Any CPU
		{A3D1EFCB-F38D-4144-8BAC-09F9B10A6C02}.Release|Any CPU.Build.0 = Release|Any CPU
		{A3D1EFCB-F38D-4144-8BAC-09F9B10A6C02}.Release|x86.ActiveCfg = Release|Any CPU
		{1DCD686A-AEC0-4D5B-89C4-6FB045333BE8}.Debug|Any CPU.ActiveCfg = Debug|Any CPU
		{1DCD686A-AEC0-4D5B-89C4-6FB045333BE8}.Debug|Any CPU.Build.0 = Debug|Any CPU
		{1DCD686A-AEC0-4D5B-89C4-6FB045333BE8}.Debug|x86.ActiveCfg = Debug|Any CPU
		{1DCD686A-AEC0-4D5B-89C4-6FB045333BE8}.Design|Any CPU.ActiveCfg = Debug|Any CPU
		{1DCD686A-AEC0-4D5B-89C4-6FB045333BE8}.Design|Any CPU.Build.0 = Debug|Any CPU
		{1DCD686A-AEC0-4D5B-89C4-6FB045333BE8}.Design|x86.ActiveCfg = Debug|Any CPU
		{1DCD686A-AEC0-4D5B-89C4-6FB045333BE8}.Release|Any CPU.ActiveCfg = Release|Any CPU
		{1DCD686A-AEC0-4D5B-89C4-6FB045333BE8}.Release|Any CPU.Build.0 = Release|Any CPU
		{1DCD686A-AEC0-4D5B-89C4-6FB045333BE8}.Release|x86.ActiveCfg = Release|Any CPU
		{63463479-EC49-44AE-BCDF-DB7938D8768E}.Debug|Any CPU.ActiveCfg = Debug|Any CPU
		{63463479-EC49-44AE-BCDF-DB7938D8768E}.Debug|Any CPU.Build.0 = Debug|Any CPU
		{63463479-EC49-44AE-BCDF-DB7938D8768E}.Debug|x86.ActiveCfg = Debug|Any CPU
		{63463479-EC49-44AE-BCDF-DB7938D8768E}.Design|Any CPU.ActiveCfg = Debug|Any CPU
		{63463479-EC49-44AE-BCDF-DB7938D8768E}.Design|Any CPU.Build.0 = Debug|Any CPU
		{63463479-EC49-44AE-BCDF-DB7938D8768E}.Design|x86.ActiveCfg = Debug|Any CPU
		{63463479-EC49-44AE-BCDF-DB7938D8768E}.Release|Any CPU.ActiveCfg = Release|Any CPU
		{63463479-EC49-44AE-BCDF-DB7938D8768E}.Release|Any CPU.Build.0 = Release|Any CPU
		{63463479-EC49-44AE-BCDF-DB7938D8768E}.Release|x86.ActiveCfg = Release|Any CPU
		{D1833C76-57C5-4EAA-9B4A-E29376B40B0E}.Debug|Any CPU.ActiveCfg = Debug|Any CPU
		{D1833C76-57C5-4EAA-9B4A-E29376B40B0E}.Debug|Any CPU.Build.0 = Debug|Any CPU
		{D1833C76-57C5-4EAA-9B4A-E29376B40B0E}.Debug|x86.ActiveCfg = Debug|Any CPU
		{D1833C76-57C5-4EAA-9B4A-E29376B40B0E}.Design|Any CPU.ActiveCfg = Debug|Any CPU
		{D1833C76-57C5-4EAA-9B4A-E29376B40B0E}.Design|Any CPU.Build.0 = Debug|Any CPU
		{D1833C76-57C5-4EAA-9B4A-E29376B40B0E}.Design|x86.ActiveCfg = Debug|Any CPU
		{D1833C76-57C5-4EAA-9B4A-E29376B40B0E}.Release|Any CPU.ActiveCfg = Release|Any CPU
		{D1833C76-57C5-4EAA-9B4A-E29376B40B0E}.Release|Any CPU.Build.0 = Release|Any CPU
		{D1833C76-57C5-4EAA-9B4A-E29376B40B0E}.Release|x86.ActiveCfg = Release|Any CPU
	EndGlobalSection
	GlobalSection(SolutionProperties) = preSolution
		HideSolutionNode = FALSE
	EndGlobalSection
	GlobalSection(NestedProjects) = preSolution
		{28D9F611-AB48-404E-ACA7-6702682C2E9D} = {E01AD83F-A174-45EA-97E6-AD8894E50607}
		{31444D8C-0160-4C48-A436-6169A67CE88F} = {E01AD83F-A174-45EA-97E6-AD8894E50607}
		{88930225-83B4-4204-8199-4F1F3851286E} = {E01AD83F-A174-45EA-97E6-AD8894E50607}
		{C541AC0C-DCCA-4EF0-9978-F976660DC246} = {BDA95BC5-3FAB-4577-A6C7-AF3CF9049698}
		{541D40E8-6896-4E29-8375-2604E5679E77} = {6620C05F-8FC2-4F4A-81A3-4490CE9169CF}
		{C0B24790-49BC-4C00-932E-78C8849973B6} = {9225326A-E37A-4AB6-88BD-9A7364CC3AB1}
		{8C080184-C5AC-4496-BED0-ACF4D88AE913} = {9170CCE0-CA2C-43BF-BED3-644F0981FBE3}
		{AE0EFF26-91B5-4866-B6CF-E77400E6784D} = {6620C05F-8FC2-4F4A-81A3-4490CE9169CF}
		{3895E3C3-BDC1-4EF5-A329-2390BF51D088} = {D43E01FB-E778-4066-8DA1-3548D534A083}
		{26978DCC-0E3A-4B70-9327-7D70C2C2E31B} = {B34A8EBA-7932-4A6B-98F4-64AC5D4A70EB}
		{527F9852-81F8-4B53-A09F-0E26E26C2ACA} = {6620C05F-8FC2-4F4A-81A3-4490CE9169CF}
		{380D1DD6-D0F9-4892-9B03-6829ABC2084F} = {6988E0C8-F818-4F64-9648-33DC537E04EF}
		{CA4A8F81-7DED-4A15-9CA0-98B882C8BC4D} = {89956202-602F-4A40-AACE-41E18DFB6A81}
		{1A028D48-41FC-4147-A937-62B204FEAD38} = {6988E0C8-F818-4F64-9648-33DC537E04EF}
		{AF96155B-7369-4F04-9F08-66D9ABD1BE71} = {93F08B92-03CB-427F-BCB5-4F54D28AB7D8}
		{79B709DF-3AD2-4728-BFBB-74B646F33799} = {9170CCE0-CA2C-43BF-BED3-644F0981FBE3}
		{2DBDF898-88C4-4606-8DCF-365515D8361C} = {BDA95BC5-3FAB-4577-A6C7-AF3CF9049698}
		{45017344-0702-4BD6-B542-C4990B76187C} = {9225326A-E37A-4AB6-88BD-9A7364CC3AB1}
		{CC76BC3C-457E-4BF5-8109-52BB1C755C6E} = {93F08B92-03CB-427F-BCB5-4F54D28AB7D8}
		{0403ED13-877A-4C34-AC6D-8426935780E2} = {E01AD83F-A174-45EA-97E6-AD8894E50607}
		{4EE97912-A4EE-48D8-A626-1245924BF29C} = {9170CCE0-CA2C-43BF-BED3-644F0981FBE3}
		{A3D1EFCB-F38D-4144-8BAC-09F9B10A6C02} = {BDA95BC5-3FAB-4577-A6C7-AF3CF9049698}
		{1DCD686A-AEC0-4D5B-89C4-6FB045333BE8} = {89956202-602F-4A40-AACE-41E18DFB6A81}
		{63463479-EC49-44AE-BCDF-DB7938D8768E} = {6620C05F-8FC2-4F4A-81A3-4490CE9169CF}
		{D1833C76-57C5-4EAA-9B4A-E29376B40B0E} = {9225326A-E37A-4AB6-88BD-9A7364CC3AB1}
	EndGlobalSection
EndGlobal
