
Microsoft Visual Studio Solution File, Format Version 12.00
# Visual Studio 2013
VisualStudioVersion = 12.0.31101.0
MinimumVisualStudioVersion = 10.0.40219.1
Project("{FAE04EC0-301F-11D3-BF4B-00C04F79EFBC}") = "UI.DataSourceSimulatorClient", "UI.DataSourceSimulatorClient\UI.DataSourceSimulatorClient.csproj", "{AF96155B-7369-4F04-9F08-66D9ABD1BE71}"
EndProject
Project("{CC5FD16D-436D-48AD-A40C-5A424C6E3E79}") = "Ifx.Host.Cloud.DataFeedSvc", "Ifx.Host.Cloud.DataFeedSvc\Ifx.Host.Cloud.DataFeedSvc.ccproj", "{28D9F611-AB48-404E-ACA7-6702682C2E9D}"
EndProject
Project("{FAE04EC0-301F-11D3-BF4B-00C04F79EFBC}") = "Ifx.Host.Cloud.DataFeedWorker", "Ifx.Host.Cloud.DataFeedWorker\Ifx.Host.Cloud.DataFeedWorker.csproj", "{31444D8C-0160-4C48-A436-6169A67CE88F}"
EndProject
Project("{FAE04EC0-301F-11D3-BF4B-00C04F79EFBC}") = "Ifx.Host.DataFeedServiceHost", "Ifx.Host.DataFeedServiceHost\Ifx.Host.DataFeedServiceHost.csproj", "{88930225-83B4-4204-8199-4F1F3851286E}"
EndProject
Project("{2150E333-8FDC-42A3-9474-1A3956D46DE8}") = "Solution Items", "Solution Items", "{75AFC8A3-49E1-41D0-B83F-408DA4F1AFCD}"
	ProjectSection(SolutionItems) = preProject
		Apache License.docx = Apache License.docx
		SetupInstructions-WcfNetMsgBindingInAzureOnPremv0.1.docx = SetupInstructions-WcfNetMsgBindingInAzureOnPremv0.1.docx
		VisualStudioSolutionStructure.docx = VisualStudioSolutionStructure.docx
	EndProjectSection
EndProject
Project("{2150E333-8FDC-42A3-9474-1A3956D46DE8}") = "UI", "UI", "{CCBF735F-720B-43FF-A7DF-2DEE07CC6D99}"
EndProject
Project("{2150E333-8FDC-42A3-9474-1A3956D46DE8}") = "Infrastructure", "Infrastructure", "{6620C05F-8FC2-4F4A-81A3-4490CE9169CF}"
EndProject
Project("{2150E333-8FDC-42A3-9474-1A3956D46DE8}") = "Contract", "Contract", "{BDA95BC5-3FAB-4577-A6C7-AF3CF9049698}"
EndProject
Project("{FAE04EC0-301F-11D3-BF4B-00C04F79EFBC}") = "Contract.DataFeed", "Contract.DataFeed\Contract.DataFeed.csproj", "{C541AC0C-DCCA-4EF0-9978-F976660DC246}"
EndProject
Project("{FAE04EC0-301F-11D3-BF4B-00C04F79EFBC}") = "Ifx.Common", "Ifx.Common\Ifx.Common.csproj", "{541D40E8-6896-4E29-8375-2604E5679E77}"
EndProject
Project("{2150E333-8FDC-42A3-9474-1A3956D46DE8}") = "Proxy", "Proxy", "{9225326A-E37A-4AB6-88BD-9A7364CC3AB1}"
EndProject
Project("{FAE04EC0-301F-11D3-BF4B-00C04F79EFBC}") = "Proxy.DataFeed", "Proxy.DataFeed\Proxy.DataFeed.csproj", "{C0B24790-49BC-4C00-932E-78C8849973B6}"
EndProject
Project("{2150E333-8FDC-42A3-9474-1A3956D46DE8}") = "Manager", "Manager", "{9170CCE0-CA2C-43BF-BED3-644F0981FBE3}"
EndProject
Project("{FAE04EC0-301F-11D3-BF4B-00C04F79EFBC}") = "Manager.DataFeed", "Manager.DataFeed\Manager.DataFeed.csproj", "{8C080184-C5AC-4496-BED0-ACF4D88AE913}"
EndProject
Project("{FAE04EC0-301F-11D3-BF4B-00C04F79EFBC}") = "Ifx.UI", "Ifx.UI\Ifx.UI.csproj", "{AE0EFF26-91B5-4866-B6CF-E77400E6784D}"
EndProject
Project("{2150E333-8FDC-42A3-9474-1A3956D46DE8}") = "Infrastructure.Host", "Infrastructure.Host", "{E01AD83F-A174-45EA-97E6-AD8894E50607}"
EndProject
Project("{2150E333-8FDC-42A3-9474-1A3956D46DE8}") = "Explore", "Explore", "{D43E01FB-E778-4066-8DA1-3548D534A083}"
EndProject
Project("{FAE04EC0-301F-11D3-BF4B-00C04F79EFBC}") = "Explore.AzTableStorageApp", "Explore.AzTableStorageApp\Explore.AzTableStorageApp.csproj", "{3895E3C3-BDC1-4EF5-A329-2390BF51D088}"
EndProject
Project("{2150E333-8FDC-42A3-9474-1A3956D46DE8}") = "Engine", "Engine", "{89956202-602F-4A40-AACE-41E18DFB6A81}"
EndProject
Project("{2150E333-8FDC-42A3-9474-1A3956D46DE8}") = "DataAccess", "DataAccess", "{6988E0C8-F818-4F64-9648-33DC537E04EF}"
EndProject
Project("{FAE04EC0-301F-11D3-BF4B-00C04F79EFBC}") = "Engine.DataFeed", "Engine.DataFeed\Engine.DataFeed.csproj", "{C69BBCB2-796C-471B-BBAA-8AA40F8ECFB2}"
EndProject
Project("{FAE04EC0-301F-11D3-BF4B-00C04F79EFBC}") = "DataAccess.DataFeed", "DataAccess.DataFeed\DataAccess.DataFeed.csproj", "{C006BD92-006E-422D-B1B6-A9B759984781}"
EndProject
Project("{2150E333-8FDC-42A3-9474-1A3956D46DE8}") = "Infrastructure.Common", "Infrastructure.Common", "{23D30BBD-028E-4D41-8F0B-7EA3D10CB3C5}"
EndProject
Project("{2150E333-8FDC-42A3-9474-1A3956D46DE8}") = "Utilities", "Utilities", "{B34A8EBA-7932-4A6B-98F4-64AC5D4A70EB}"
EndProject
Project("{FAE04EC0-301F-11D3-BF4B-00C04F79EFBC}") = "Utilities.Timer", "Utilities.Timer\Utilities.Timer.csproj", "{26978DCC-0E3A-4B70-9327-7D70C2C2E31B}"
EndProject
Project("{FAE04EC0-301F-11D3-BF4B-00C04F79EFBC}") = "Ifx.Cloud", "Ifx.Cloud\Ifx.Cloud.csproj", "{527F9852-81F8-4B53-A09F-0E26E26C2ACA}"
EndProject
Global
	GlobalSection(SolutionConfigurationPlatforms) = preSolution
		Debug|Any CPU = Debug|Any CPU
		Debug|x86 = Debug|x86
		Design|Any CPU = Design|Any CPU
		Design|x86 = Design|x86
		Release|Any CPU = Release|Any CPU
		Release|x86 = Release|x86
	EndGlobalSection
	GlobalSection(ProjectConfigurationPlatforms) = postSolution
		{AF96155B-7369-4F04-9F08-66D9ABD1BE71}.Debug|Any CPU.ActiveCfg = Debug|Any CPU
		{AF96155B-7369-4F04-9F08-66D9ABD1BE71}.Debug|Any CPU.Build.0 = Debug|Any CPU
		{AF96155B-7369-4F04-9F08-66D9ABD1BE71}.Debug|x86.ActiveCfg = Debug|Any CPU
		{AF96155B-7369-4F04-9F08-66D9ABD1BE71}.Design|Any CPU.ActiveCfg = Debug|Any CPU
		{AF96155B-7369-4F04-9F08-66D9ABD1BE71}.Design|Any CPU.Build.0 = Debug|Any CPU
		{AF96155B-7369-4F04-9F08-66D9ABD1BE71}.Design|x86.ActiveCfg = Debug|Any CPU
		{AF96155B-7369-4F04-9F08-66D9ABD1BE71}.Release|Any CPU.ActiveCfg = Release|Any CPU
		{AF96155B-7369-4F04-9F08-66D9ABD1BE71}.Release|Any CPU.Build.0 = Release|Any CPU
		{AF96155B-7369-4F04-9F08-66D9ABD1BE71}.Release|x86.ActiveCfg = Release|Any CPU
		{28D9F611-AB48-404E-ACA7-6702682C2E9D}.Debug|Any CPU.ActiveCfg = Debug|Any CPU
		{28D9F611-AB48-404E-ACA7-6702682C2E9D}.Debug|Any CPU.Build.0 = Debug|Any CPU
		{28D9F611-AB48-404E-ACA7-6702682C2E9D}.Debug|x86.ActiveCfg = Debug|Any CPU
		{28D9F611-AB48-404E-ACA7-6702682C2E9D}.Design|Any CPU.ActiveCfg = Debug|Any CPU
		{28D9F611-AB48-404E-ACA7-6702682C2E9D}.Design|Any CPU.Build.0 = Debug|Any CPU
		{28D9F611-AB48-404E-ACA7-6702682C2E9D}.Design|x86.ActiveCfg = Debug|Any CPU
		{28D9F611-AB48-404E-ACA7-6702682C2E9D}.Release|Any CPU.ActiveCfg = Release|Any CPU
		{28D9F611-AB48-404E-ACA7-6702682C2E9D}.Release|Any CPU.Build.0 = Release|Any CPU
		{28D9F611-AB48-404E-ACA7-6702682C2E9D}.Release|x86.ActiveCfg = Release|Any CPU
		{31444D8C-0160-4C48-A436-6169A67CE88F}.Debug|Any CPU.ActiveCfg = Debug|Any CPU
		{31444D8C-0160-4C48-A436-6169A67CE88F}.Debug|Any CPU.Build.0 = Debug|Any CPU
		{31444D8C-0160-4C48-A436-6169A67CE88F}.Debug|x86.ActiveCfg = Debug|Any CPU
		{31444D8C-0160-4C48-A436-6169A67CE88F}.Design|Any CPU.ActiveCfg = Debug|Any CPU
		{31444D8C-0160-4C48-A436-6169A67CE88F}.Design|Any CPU.Build.0 = Debug|Any CPU
		{31444D8C-0160-4C48-A436-6169A67CE88F}.Design|x86.ActiveCfg = Debug|Any CPU
		{31444D8C-0160-4C48-A436-6169A67CE88F}.Release|Any CPU.ActiveCfg = Release|Any CPU
		{31444D8C-0160-4C48-A436-6169A67CE88F}.Release|Any CPU.Build.0 = Release|Any CPU
		{31444D8C-0160-4C48-A436-6169A67CE88F}.Release|x86.ActiveCfg = Release|Any CPU
		{88930225-83B4-4204-8199-4F1F3851286E}.Debug|Any CPU.ActiveCfg = Debug|Any CPU
		{88930225-83B4-4204-8199-4F1F3851286E}.Debug|Any CPU.Build.0 = Debug|Any CPU
		{88930225-83B4-4204-8199-4F1F3851286E}.Debug|x86.ActiveCfg = Debug|Any CPU
		{88930225-83B4-4204-8199-4F1F3851286E}.Design|Any CPU.ActiveCfg = Debug|Any CPU
		{88930225-83B4-4204-8199-4F1F3851286E}.Design|Any CPU.Build.0 = Debug|Any CPU
		{88930225-83B4-4204-8199-4F1F3851286E}.Design|x86.ActiveCfg = Debug|Any CPU
		{88930225-83B4-4204-8199-4F1F3851286E}.Release|Any CPU.ActiveCfg = Release|Any CPU
		{88930225-83B4-4204-8199-4F1F3851286E}.Release|Any CPU.Build.0 = Release|Any CPU
		{88930225-83B4-4204-8199-4F1F3851286E}.Release|x86.ActiveCfg = Release|Any CPU
		{C541AC0C-DCCA-4EF0-9978-F976660DC246}.Debug|Any CPU.ActiveCfg = Debug|Any CPU
		{C541AC0C-DCCA-4EF0-9978-F976660DC246}.Debug|Any CPU.Build.0 = Debug|Any CPU
		{C541AC0C-DCCA-4EF0-9978-F976660DC246}.Debug|x86.ActiveCfg = Debug|Any CPU
		{C541AC0C-DCCA-4EF0-9978-F976660DC246}.Design|Any CPU.ActiveCfg = Debug|Any CPU
		{C541AC0C-DCCA-4EF0-9978-F976660DC246}.Design|Any CPU.Build.0 = Debug|Any CPU
		{C541AC0C-DCCA-4EF0-9978-F976660DC246}.Design|x86.ActiveCfg = Debug|Any CPU
		{C541AC0C-DCCA-4EF0-9978-F976660DC246}.Release|Any CPU.ActiveCfg = Release|Any CPU
		{C541AC0C-DCCA-4EF0-9978-F976660DC246}.Release|Any CPU.Build.0 = Release|Any CPU
		{C541AC0C-DCCA-4EF0-9978-F976660DC246}.Release|x86.ActiveCfg = Release|Any CPU
		{541D40E8-6896-4E29-8375-2604E5679E77}.Debug|Any CPU.ActiveCfg = Debug|Any CPU
		{541D40E8-6896-4E29-8375-2604E5679E77}.Debug|Any CPU.Build.0 = Debug|Any CPU
		{541D40E8-6896-4E29-8375-2604E5679E77}.Debug|x86.ActiveCfg = Debug|Any CPU
		{541D40E8-6896-4E29-8375-2604E5679E77}.Design|Any CPU.ActiveCfg = Debug|Any CPU
		{541D40E8-6896-4E29-8375-2604E5679E77}.Design|Any CPU.Build.0 = Debug|Any CPU
		{541D40E8-6896-4E29-8375-2604E5679E77}.Design|x86.ActiveCfg = Debug|Any CPU
		{541D40E8-6896-4E29-8375-2604E5679E77}.Release|Any CPU.ActiveCfg = Release|Any CPU
		{541D40E8-6896-4E29-8375-2604E5679E77}.Release|Any CPU.Build.0 = Release|Any CPU
		{541D40E8-6896-4E29-8375-2604E5679E77}.Release|x86.ActiveCfg = Release|Any CPU
		{C0B24790-49BC-4C00-932E-78C8849973B6}.Debug|Any CPU.ActiveCfg = Debug|Any CPU
		{C0B24790-49BC-4C00-932E-78C8849973B6}.Debug|Any CPU.Build.0 = Debug|Any CPU
		{C0B24790-49BC-4C00-932E-78C8849973B6}.Debug|x86.ActiveCfg = Debug|Any CPU
		{C0B24790-49BC-4C00-932E-78C8849973B6}.Design|Any CPU.ActiveCfg = Debug|Any CPU
		{C0B24790-49BC-4C00-932E-78C8849973B6}.Design|Any CPU.Build.0 = Debug|Any CPU
		{C0B24790-49BC-4C00-932E-78C8849973B6}.Design|x86.ActiveCfg = Debug|Any CPU
		{C0B24790-49BC-4C00-932E-78C8849973B6}.Release|Any CPU.ActiveCfg = Release|Any CPU
		{C0B24790-49BC-4C00-932E-78C8849973B6}.Release|Any CPU.Build.0 = Release|Any CPU
		{C0B24790-49BC-4C00-932E-78C8849973B6}.Release|x86.ActiveCfg = Release|Any CPU
		{8C080184-C5AC-4496-BED0-ACF4D88AE913}.Debug|Any CPU.ActiveCfg = Debug|Any CPU
		{8C080184-C5AC-4496-BED0-ACF4D88AE913}.Debug|Any CPU.Build.0 = Debug|Any CPU
		{8C080184-C5AC-4496-BED0-ACF4D88AE913}.Debug|x86.ActiveCfg = Debug|Any CPU
		{8C080184-C5AC-4496-BED0-ACF4D88AE913}.Design|Any CPU.ActiveCfg = Debug|Any CPU
		{8C080184-C5AC-4496-BED0-ACF4D88AE913}.Design|Any CPU.Build.0 = Debug|Any CPU
		{8C080184-C5AC-4496-BED0-ACF4D88AE913}.Design|x86.ActiveCfg = Debug|Any CPU
		{8C080184-C5AC-4496-BED0-ACF4D88AE913}.Release|Any CPU.ActiveCfg = Release|Any CPU
		{8C080184-C5AC-4496-BED0-ACF4D88AE913}.Release|Any CPU.Build.0 = Release|Any CPU
		{8C080184-C5AC-4496-BED0-ACF4D88AE913}.Release|x86.ActiveCfg = Release|Any CPU
		{AE0EFF26-91B5-4866-B6CF-E77400E6784D}.Debug|Any CPU.ActiveCfg = Debug|Any CPU
		{AE0EFF26-91B5-4866-B6CF-E77400E6784D}.Debug|Any CPU.Build.0 = Debug|Any CPU
		{AE0EFF26-91B5-4866-B6CF-E77400E6784D}.Debug|x86.ActiveCfg = Debug|Any CPU
		{AE0EFF26-91B5-4866-B6CF-E77400E6784D}.Design|Any CPU.ActiveCfg = Debug|Any CPU
		{AE0EFF26-91B5-4866-B6CF-E77400E6784D}.Design|Any CPU.Build.0 = Debug|Any CPU
		{AE0EFF26-91B5-4866-B6CF-E77400E6784D}.Design|x86.ActiveCfg = Debug|Any CPU
		{AE0EFF26-91B5-4866-B6CF-E77400E6784D}.Release|Any CPU.ActiveCfg = Release|Any CPU
		{AE0EFF26-91B5-4866-B6CF-E77400E6784D}.Release|Any CPU.Build.0 = Release|Any CPU
		{AE0EFF26-91B5-4866-B6CF-E77400E6784D}.Release|x86.ActiveCfg = Release|Any CPU
		{3895E3C3-BDC1-4EF5-A329-2390BF51D088}.Debug|Any CPU.ActiveCfg = Debug|Any CPU
		{3895E3C3-BDC1-4EF5-A329-2390BF51D088}.Debug|Any CPU.Build.0 = Debug|Any CPU
		{3895E3C3-BDC1-4EF5-A329-2390BF51D088}.Debug|x86.ActiveCfg = Debug|Any CPU
		{3895E3C3-BDC1-4EF5-A329-2390BF51D088}.Design|Any CPU.ActiveCfg = Debug|Any CPU
		{3895E3C3-BDC1-4EF5-A329-2390BF51D088}.Design|Any CPU.Build.0 = Debug|Any CPU
		{3895E3C3-BDC1-4EF5-A329-2390BF51D088}.Design|x86.ActiveCfg = Debug|Any CPU
		{3895E3C3-BDC1-4EF5-A329-2390BF51D088}.Release|Any CPU.ActiveCfg = Release|Any CPU
		{3895E3C3-BDC1-4EF5-A329-2390BF51D088}.Release|Any CPU.Build.0 = Release|Any CPU
		{3895E3C3-BDC1-4EF5-A329-2390BF51D088}.Release|x86.ActiveCfg = Release|Any CPU
		{C69BBCB2-796C-471B-BBAA-8AA40F8ECFB2}.Debug|Any CPU.ActiveCfg = Debug|Any CPU
		{C69BBCB2-796C-471B-BBAA-8AA40F8ECFB2}.Debug|Any CPU.Build.0 = Debug|Any CPU
		{C69BBCB2-796C-471B-BBAA-8AA40F8ECFB2}.Debug|x86.ActiveCfg = Debug|Any CPU
		{C69BBCB2-796C-471B-BBAA-8AA40F8ECFB2}.Design|Any CPU.ActiveCfg = Debug|Any CPU
		{C69BBCB2-796C-471B-BBAA-8AA40F8ECFB2}.Design|Any CPU.Build.0 = Debug|Any CPU
		{C69BBCB2-796C-471B-BBAA-8AA40F8ECFB2}.Design|x86.ActiveCfg = Debug|Any CPU
		{C69BBCB2-796C-471B-BBAA-8AA40F8ECFB2}.Release|Any CPU.ActiveCfg = Release|Any CPU
		{C69BBCB2-796C-471B-BBAA-8AA40F8ECFB2}.Release|Any CPU.Build.0 = Release|Any CPU
		{C69BBCB2-796C-471B-BBAA-8AA40F8ECFB2}.Release|x86.ActiveCfg = Release|Any CPU
		{C006BD92-006E-422D-B1B6-A9B759984781}.Debug|Any CPU.ActiveCfg = Debug|Any CPU
		{C006BD92-006E-422D-B1B6-A9B759984781}.Debug|Any CPU.Build.0 = Debug|Any CPU
		{C006BD92-006E-422D-B1B6-A9B759984781}.Debug|x86.ActiveCfg = Debug|Any CPU
		{C006BD92-006E-422D-B1B6-A9B759984781}.Design|Any CPU.ActiveCfg = Debug|Any CPU
		{C006BD92-006E-422D-B1B6-A9B759984781}.Design|Any CPU.Build.0 = Debug|Any CPU
		{C006BD92-006E-422D-B1B6-A9B759984781}.Design|x86.ActiveCfg = Debug|Any CPU
		{C006BD92-006E-422D-B1B6-A9B759984781}.Release|Any CPU.ActiveCfg = Release|Any CPU
		{C006BD92-006E-422D-B1B6-A9B759984781}.Release|Any CPU.Build.0 = Release|Any CPU
		{C006BD92-006E-422D-B1B6-A9B759984781}.Release|x86.ActiveCfg = Release|Any CPU
		{26978DCC-0E3A-4B70-9327-7D70C2C2E31B}.Debug|Any CPU.ActiveCfg = Debug|Any CPU
		{26978DCC-0E3A-4B70-9327-7D70C2C2E31B}.Debug|Any CPU.Build.0 = Debug|Any CPU
		{26978DCC-0E3A-4B70-9327-7D70C2C2E31B}.Debug|x86.ActiveCfg = Debug|Any CPU
		{26978DCC-0E3A-4B70-9327-7D70C2C2E31B}.Design|Any CPU.ActiveCfg = Debug|Any CPU
		{26978DCC-0E3A-4B70-9327-7D70C2C2E31B}.Design|Any CPU.Build.0 = Debug|Any CPU
		{26978DCC-0E3A-4B70-9327-7D70C2C2E31B}.Design|x86.ActiveCfg = Debug|Any CPU
		{26978DCC-0E3A-4B70-9327-7D70C2C2E31B}.Release|Any CPU.ActiveCfg = Release|Any CPU
		{26978DCC-0E3A-4B70-9327-7D70C2C2E31B}.Release|Any CPU.Build.0 = Release|Any CPU
		{26978DCC-0E3A-4B70-9327-7D70C2C2E31B}.Release|x86.ActiveCfg = Release|Any CPU
		{527F9852-81F8-4B53-A09F-0E26E26C2ACA}.Debug|Any CPU.ActiveCfg = Debug|Any CPU
		{527F9852-81F8-4B53-A09F-0E26E26C2ACA}.Debug|Any CPU.Build.0 = Debug|Any CPU
		{527F9852-81F8-4B53-A09F-0E26E26C2ACA}.Debug|x86.ActiveCfg = Debug|Any CPU
		{527F9852-81F8-4B53-A09F-0E26E26C2ACA}.Design|Any CPU.ActiveCfg = Debug|Any CPU
		{527F9852-81F8-4B53-A09F-0E26E26C2ACA}.Design|Any CPU.Build.0 = Debug|Any CPU
		{527F9852-81F8-4B53-A09F-0E26E26C2ACA}.Design|x86.ActiveCfg = Debug|Any CPU
		{527F9852-81F8-4B53-A09F-0E26E26C2ACA}.Release|Any CPU.ActiveCfg = Release|Any CPU
		{527F9852-81F8-4B53-A09F-0E26E26C2ACA}.Release|Any CPU.Build.0 = Release|Any CPU
		{527F9852-81F8-4B53-A09F-0E26E26C2ACA}.Release|x86.ActiveCfg = Release|Any CPU
	EndGlobalSection
	GlobalSection(SolutionProperties) = preSolution
		HideSolutionNode = FALSE
	EndGlobalSection
	GlobalSection(NestedProjects) = preSolution
		{AF96155B-7369-4F04-9F08-66D9ABD1BE71} = {CCBF735F-720B-43FF-A7DF-2DEE07CC6D99}
		{28D9F611-AB48-404E-ACA7-6702682C2E9D} = {E01AD83F-A174-45EA-97E6-AD8894E50607}
		{31444D8C-0160-4C48-A436-6169A67CE88F} = {E01AD83F-A174-45EA-97E6-AD8894E50607}
		{88930225-83B4-4204-8199-4F1F3851286E} = {E01AD83F-A174-45EA-97E6-AD8894E50607}
		{C541AC0C-DCCA-4EF0-9978-F976660DC246} = {BDA95BC5-3FAB-4577-A6C7-AF3CF9049698}
		{541D40E8-6896-4E29-8375-2604E5679E77} = {23D30BBD-028E-4D41-8F0B-7EA3D10CB3C5}
		{C0B24790-49BC-4C00-932E-78C8849973B6} = {9225326A-E37A-4AB6-88BD-9A7364CC3AB1}
		{8C080184-C5AC-4496-BED0-ACF4D88AE913} = {9170CCE0-CA2C-43BF-BED3-644F0981FBE3}
		{AE0EFF26-91B5-4866-B6CF-E77400E6784D} = {6620C05F-8FC2-4F4A-81A3-4490CE9169CF}
		{3895E3C3-BDC1-4EF5-A329-2390BF51D088} = {D43E01FB-E778-4066-8DA1-3548D534A083}
		{C69BBCB2-796C-471B-BBAA-8AA40F8ECFB2} = {89956202-602F-4A40-AACE-41E18DFB6A81}
		{C006BD92-006E-422D-B1B6-A9B759984781} = {6988E0C8-F818-4F64-9648-33DC537E04EF}
		{26978DCC-0E3A-4B70-9327-7D70C2C2E31B} = {B34A8EBA-7932-4A6B-98F4-64AC5D4A70EB}
		{527F9852-81F8-4B53-A09F-0E26E26C2ACA} = {6620C05F-8FC2-4F4A-81A3-4490CE9169CF}
	EndGlobalSection
EndGlobal
